
Microsoft Visual Studio Solution File, Format Version 12.00
# Visual Studio Version 17
VisualStudioVersion = 17.0.31903.59
MinimumVisualStudioVersion = 10.0.40219.1
Project("{2150E333-8FDC-42A3-9474-1A3956D46DE8}") = "src", "src", "{EAF876A0-7B4D-467D-A38D-5396BC6F0CD4}"
EndProject
Project("{FAE04EC0-301F-11D3-BF4B-00C04F79EFBC}") = "CCE.Domain", "src\CCE.Domain\CCE.Domain.csproj", "{D1B00A4C-3BDC-4671-AE95-005E88E45717}"
EndProject
Project("{FAE04EC0-301F-11D3-BF4B-00C04F79EFBC}") = "CCE.Application", "src\CCE.Application\CCE.Application.csproj", "{97B7AA07-A9B3-4267-8725-435C9A4266A1}"
EndProject
Project("{FAE04EC0-301F-11D3-BF4B-00C04F79EFBC}") = "CCE.Infrastructure", "src\CCE.Infrastructure\CCE.Infrastructure.csproj", "{A86D8D58-CA77-413D-84D5-986BDBF3A325}"
EndProject
Project("{FAE04EC0-301F-11D3-BF4B-00C04F79EFBC}") = "CCE.Api.External", "src\CCE.Api.External\CCE.Api.External.csproj", "{FD78BA15-546A-4493-93BA-998674929ED8}"
EndProject
Project("{FAE04EC0-301F-11D3-BF4B-00C04F79EFBC}") = "CCE.Api.Internal", "src\CCE.Api.Internal\CCE.Api.Internal.csproj", "{E141D16F-AF2A-4A5E-A956-1179746C9E5C}"
EndProject
Project("{FAE04EC0-301F-11D3-BF4B-00C04F79EFBC}") = "CCE.Integration", "src\CCE.Integration\CCE.Integration.csproj", "{2A9F2B7D-ACC4-47A5-9717-432EA3E66AAA}"
EndProject
Project("{2150E333-8FDC-42A3-9474-1A3956D46DE8}") = "tests", "tests", "{08E7DC35-436D-4B5C-932F-CA2FA513125A}"
EndProject
Project("{FAE04EC0-301F-11D3-BF4B-00C04F79EFBC}") = "CCE.Domain.Tests", "tests\CCE.Domain.Tests\CCE.Domain.Tests.csproj", "{B64F8AE8-7B12-4C65-B480-39E54962EC1C}"
EndProject
Project("{FAE04EC0-301F-11D3-BF4B-00C04F79EFBC}") = "CCE.Application.Tests", "tests\CCE.Application.Tests\CCE.Application.Tests.csproj", "{F937DF9F-F38A-427A-A731-ED9550AEC5EC}"
EndProject
Project("{FAE04EC0-301F-11D3-BF4B-00C04F79EFBC}") = "CCE.Infrastructure.Tests", "tests\CCE.Infrastructure.Tests\CCE.Infrastructure.Tests.csproj", "{15197BFD-A234-4BF7-98CD-498E53F78164}"
EndProject
Project("{FAE04EC0-301F-11D3-BF4B-00C04F79EFBC}") = "CCE.Api.IntegrationTests", "tests\CCE.Api.IntegrationTests\CCE.Api.IntegrationTests.csproj", "{3AD951D0-483C-4062-992C-AD028E60B599}"
EndProject
Project("{FAE04EC0-301F-11D3-BF4B-00C04F79EFBC}") = "CCE.Domain.SourceGenerators", "src\CCE.Domain.SourceGenerators\CCE.Domain.SourceGenerators.csproj", "{EFEB1BB3-7BD1-41E7-9F53-FDC4E291DCD4}"
EndProject
Project("{FAE04EC0-301F-11D3-BF4B-00C04F79EFBC}") = "CCE.TestInfrastructure", "tests\CCE.TestInfrastructure\CCE.TestInfrastructure.csproj", "{18C36501-DEEE-4572-94C6-ACC31285E7E5}"
EndProject
Project("{FAE04EC0-301F-11D3-BF4B-00C04F79EFBC}") = "CCE.Api.Common", "src\CCE.Api.Common\CCE.Api.Common.csproj", "{34D573CC-70D6-425F-973F-63ACE791D5BB}"
EndProject
Project("{FAE04EC0-301F-11D3-BF4B-00C04F79EFBC}") = "CCE.Domain.SourceGenerators.Tests", "tests\CCE.Domain.SourceGenerators.Tests\CCE.Domain.SourceGenerators.Tests.csproj", "{8495157B-3204-492A-8C49-0C66BDF26997}"
EndProject
Project("{FAE04EC0-301F-11D3-BF4B-00C04F79EFBC}") = "CCE.Seeder", "src\CCE.Seeder\CCE.Seeder.csproj", "{9018FCB9-0E48-485C-BBF3-949CB634AA67}"
EndProject
Global
	GlobalSection(SolutionConfigurationPlatforms) = preSolution
		Debug|Any CPU = Debug|Any CPU
		Release|Any CPU = Release|Any CPU
	EndGlobalSection
	GlobalSection(SolutionProperties) = preSolution
		HideSolutionNode = FALSE
	EndGlobalSection
	GlobalSection(ProjectConfigurationPlatforms) = postSolution
		{D1B00A4C-3BDC-4671-AE95-005E88E45717}.Debug|Any CPU.ActiveCfg = Debug|Any CPU
		{D1B00A4C-3BDC-4671-AE95-005E88E45717}.Debug|Any CPU.Build.0 = Debug|Any CPU
		{D1B00A4C-3BDC-4671-AE95-005E88E45717}.Release|Any CPU.ActiveCfg = Release|Any CPU
		{D1B00A4C-3BDC-4671-AE95-005E88E45717}.Release|Any CPU.Build.0 = Release|Any CPU
		{97B7AA07-A9B3-4267-8725-435C9A4266A1}.Debug|Any CPU.ActiveCfg = Debug|Any CPU
		{97B7AA07-A9B3-4267-8725-435C9A4266A1}.Debug|Any CPU.Build.0 = Debug|Any CPU
		{97B7AA07-A9B3-4267-8725-435C9A4266A1}.Release|Any CPU.ActiveCfg = Release|Any CPU
		{97B7AA07-A9B3-4267-8725-435C9A4266A1}.Release|Any CPU.Build.0 = Release|Any CPU
		{A86D8D58-CA77-413D-84D5-986BDBF3A325}.Debug|Any CPU.ActiveCfg = Debug|Any CPU
		{A86D8D58-CA77-413D-84D5-986BDBF3A325}.Debug|Any CPU.Build.0 = Debug|Any CPU
		{A86D8D58-CA77-413D-84D5-986BDBF3A325}.Release|Any CPU.ActiveCfg = Release|Any CPU
		{A86D8D58-CA77-413D-84D5-986BDBF3A325}.Release|Any CPU.Build.0 = Release|Any CPU
		{FD78BA15-546A-4493-93BA-998674929ED8}.Debug|Any CPU.ActiveCfg = Debug|Any CPU
		{FD78BA15-546A-4493-93BA-998674929ED8}.Debug|Any CPU.Build.0 = Debug|Any CPU
		{FD78BA15-546A-4493-93BA-998674929ED8}.Release|Any CPU.ActiveCfg = Release|Any CPU
		{FD78BA15-546A-4493-93BA-998674929ED8}.Release|Any CPU.Build.0 = Release|Any CPU
		{E141D16F-AF2A-4A5E-A956-1179746C9E5C}.Debug|Any CPU.ActiveCfg = Debug|Any CPU
		{E141D16F-AF2A-4A5E-A956-1179746C9E5C}.Debug|Any CPU.Build.0 = Debug|Any CPU
		{E141D16F-AF2A-4A5E-A956-1179746C9E5C}.Release|Any CPU.ActiveCfg = Release|Any CPU
		{E141D16F-AF2A-4A5E-A956-1179746C9E5C}.Release|Any CPU.Build.0 = Release|Any CPU
		{2A9F2B7D-ACC4-47A5-9717-432EA3E66AAA}.Debug|Any CPU.ActiveCfg = Debug|Any CPU
		{2A9F2B7D-ACC4-47A5-9717-432EA3E66AAA}.Debug|Any CPU.Build.0 = Debug|Any CPU
		{2A9F2B7D-ACC4-47A5-9717-432EA3E66AAA}.Release|Any CPU.ActiveCfg = Release|Any CPU
		{2A9F2B7D-ACC4-47A5-9717-432EA3E66AAA}.Release|Any CPU.Build.0 = Release|Any CPU
		{B64F8AE8-7B12-4C65-B480-39E54962EC1C}.Debug|Any CPU.ActiveCfg = Debug|Any CPU
		{B64F8AE8-7B12-4C65-B480-39E54962EC1C}.Debug|Any CPU.Build.0 = Debug|Any CPU
		{B64F8AE8-7B12-4C65-B480-39E54962EC1C}.Release|Any CPU.ActiveCfg = Release|Any CPU
		{B64F8AE8-7B12-4C65-B480-39E54962EC1C}.Release|Any CPU.Build.0 = Release|Any CPU
		{F937DF9F-F38A-427A-A731-ED9550AEC5EC}.Debug|Any CPU.ActiveCfg = Debug|Any CPU
		{F937DF9F-F38A-427A-A731-ED9550AEC5EC}.Debug|Any CPU.Build.0 = Debug|Any CPU
		{F937DF9F-F38A-427A-A731-ED9550AEC5EC}.Release|Any CPU.ActiveCfg = Release|Any CPU
		{F937DF9F-F38A-427A-A731-ED9550AEC5EC}.Release|Any CPU.Build.0 = Release|Any CPU
		{15197BFD-A234-4BF7-98CD-498E53F78164}.Debug|Any CPU.ActiveCfg = Debug|Any CPU
		{15197BFD-A234-4BF7-98CD-498E53F78164}.Debug|Any CPU.Build.0 = Debug|Any CPU
		{15197BFD-A234-4BF7-98CD-498E53F78164}.Release|Any CPU.ActiveCfg = Release|Any CPU
		{15197BFD-A234-4BF7-98CD-498E53F78164}.Release|Any CPU.Build.0 = Release|Any CPU
		{3AD951D0-483C-4062-992C-AD028E60B599}.Debug|Any CPU.ActiveCfg = Debug|Any CPU
		{3AD951D0-483C-4062-992C-AD028E60B599}.Debug|Any CPU.Build.0 = Debug|Any CPU
		{3AD951D0-483C-4062-992C-AD028E60B599}.Release|Any CPU.ActiveCfg = Release|Any CPU
		{3AD951D0-483C-4062-992C-AD028E60B599}.Release|Any CPU.Build.0 = Release|Any CPU
		{EFEB1BB3-7BD1-41E7-9F53-FDC4E291DCD4}.Debug|Any CPU.ActiveCfg = Debug|Any CPU
		{EFEB1BB3-7BD1-41E7-9F53-FDC4E291DCD4}.Debug|Any CPU.Build.0 = Debug|Any CPU
		{EFEB1BB3-7BD1-41E7-9F53-FDC4E291DCD4}.Release|Any CPU.ActiveCfg = Release|Any CPU
		{EFEB1BB3-7BD1-41E7-9F53-FDC4E291DCD4}.Release|Any CPU.Build.0 = Release|Any CPU
		{18C36501-DEEE-4572-94C6-ACC31285E7E5}.Debug|Any CPU.ActiveCfg = Debug|Any CPU
		{18C36501-DEEE-4572-94C6-ACC31285E7E5}.Debug|Any CPU.Build.0 = Debug|Any CPU
		{18C36501-DEEE-4572-94C6-ACC31285E7E5}.Release|Any CPU.ActiveCfg = Release|Any CPU
		{18C36501-DEEE-4572-94C6-ACC31285E7E5}.Release|Any CPU.Build.0 = Release|Any CPU
		{34D573CC-70D6-425F-973F-63ACE791D5BB}.Debug|Any CPU.ActiveCfg = Debug|Any CPU
		{34D573CC-70D6-425F-973F-63ACE791D5BB}.Debug|Any CPU.Build.0 = Debug|Any CPU
		{34D573CC-70D6-425F-973F-63ACE791D5BB}.Release|Any CPU.ActiveCfg = Release|Any CPU
		{34D573CC-70D6-425F-973F-63ACE791D5BB}.Release|Any CPU.Build.0 = Release|Any CPU
		{8495157B-3204-492A-8C49-0C66BDF26997}.Debug|Any CPU.ActiveCfg = Debug|Any CPU
		{8495157B-3204-492A-8C49-0C66BDF26997}.Debug|Any CPU.Build.0 = Debug|Any CPU
		{8495157B-3204-492A-8C49-0C66BDF26997}.Release|Any CPU.ActiveCfg = Release|Any CPU
		{8495157B-3204-492A-8C49-0C66BDF26997}.Release|Any CPU.Build.0 = Release|Any CPU
		{9018FCB9-0E48-485C-BBF3-949CB634AA67}.Debug|Any CPU.ActiveCfg = Debug|Any CPU
		{9018FCB9-0E48-485C-BBF3-949CB634AA67}.Debug|Any CPU.Build.0 = Debug|Any CPU
		{9018FCB9-0E48-485C-BBF3-949CB634AA67}.Release|Any CPU.ActiveCfg = Release|Any CPU
		{9018FCB9-0E48-485C-BBF3-949CB634AA67}.Release|Any CPU.Build.0 = Release|Any CPU
	EndGlobalSection
	GlobalSection(NestedProjects) = preSolution
		{D1B00A4C-3BDC-4671-AE95-005E88E45717} = {EAF876A0-7B4D-467D-A38D-5396BC6F0CD4}
		{97B7AA07-A9B3-4267-8725-435C9A4266A1} = {EAF876A0-7B4D-467D-A38D-5396BC6F0CD4}
		{A86D8D58-CA77-413D-84D5-986BDBF3A325} = {EAF876A0-7B4D-467D-A38D-5396BC6F0CD4}
		{FD78BA15-546A-4493-93BA-998674929ED8} = {EAF876A0-7B4D-467D-A38D-5396BC6F0CD4}
		{E141D16F-AF2A-4A5E-A956-1179746C9E5C} = {EAF876A0-7B4D-467D-A38D-5396BC6F0CD4}
		{2A9F2B7D-ACC4-47A5-9717-432EA3E66AAA} = {EAF876A0-7B4D-467D-A38D-5396BC6F0CD4}
		{B64F8AE8-7B12-4C65-B480-39E54962EC1C} = {08E7DC35-436D-4B5C-932F-CA2FA513125A}
		{F937DF9F-F38A-427A-A731-ED9550AEC5EC} = {08E7DC35-436D-4B5C-932F-CA2FA513125A}
		{15197BFD-A234-4BF7-98CD-498E53F78164} = {08E7DC35-436D-4B5C-932F-CA2FA513125A}
		{3AD951D0-483C-4062-992C-AD028E60B599} = {08E7DC35-436D-4B5C-932F-CA2FA513125A}
		{EFEB1BB3-7BD1-41E7-9F53-FDC4E291DCD4} = {EAF876A0-7B4D-467D-A38D-5396BC6F0CD4}
		{18C36501-DEEE-4572-94C6-ACC31285E7E5} = {08E7DC35-436D-4B5C-932F-CA2FA513125A}
		{34D573CC-70D6-425F-973F-63ACE791D5BB} = {EAF876A0-7B4D-467D-A38D-5396BC6F0CD4}
		{8495157B-3204-492A-8C49-0C66BDF26997} = {08E7DC35-436D-4B5C-932F-CA2FA513125A}
		{9018FCB9-0E48-485C-BBF3-949CB634AA67} = {EAF876A0-7B4D-467D-A38D-5396BC6F0CD4}
	EndGlobalSection
EndGlobal
